
Microsoft Visual Studio Solution File, Format Version 12.00
# Visual Studio Version 16
VisualStudioVersion = 16.0.31624.102
MinimumVisualStudioVersion = 10.0.40219.1
Project("{FAE04EC0-301F-11D3-BF4B-00C04F79EFBC}") = "ConsoleApp1", "ConsoleApp1\ConsoleApp1.csproj", "{9B296014-D0E6-4820-B40C-E2E95FA559CB}"
EndProject
Global
	GlobalSection(SolutionConfigurationPlatforms) = preSolution
		Debug|Any CPU = Debug|Any CPU
		Release|Any CPU = Release|Any CPU
	EndGlobalSection
	GlobalSection(ProjectConfigurationPlatforms) = postSolution
		{9B296014-D0E6-4820-B40C-E2E95FA559CB}.Debug|Any CPU.ActiveCfg = Debug|Any CPU
		{9B296014-D0E6-4820-B40C-E2E95FA559CB}.Debug|Any CPU.Build.0 = Debug|Any CPU
		{9B296014-D0E6-4820-B40C-E2E95FA559CB}.Release|Any CPU.ActiveCfg = Release|Any CPU
		{9B296014-D0E6-4820-B40C-E2E95FA559CB}.Release|Any CPU.Build.0 = Release|Any CPU
	EndGlobalSection
	GlobalSection(SolutionProperties) = preSolution
		HideSolutionNode = FALSE
	EndGlobalSection
	GlobalSection(ExtensibilityGlobals) = postSolution
		SolutionGuid = {B457F90E-794C-4200-8A62-CD35EEA91EA7}
	EndGlobalSection
EndGlobal
